Microsoft Visual Studio Solution File, Format Version 12.00
# Visual Studio Version 17
VisualStudioVersion = 17.0.0.0
MinimumVisualStudioVersion = 17.0.0.0

Project("{9A19103F-16F7-4668-BE54-9A1E7A4F7556}") = "LearningHub.Server", "Server\LearningHub.Server.csproj", "{B10AC966-053F-4EE7-8D36-C9CE98B79626}"
EndProject
Project("{9A19103F-16F7-4668-BE54-9A1E7A4F7556}") = "LearningHub.Client", "Client\LearningHub.Client.csproj", "{C86184B5-A11E-460B-9BEE-7D6C38142BDF}"
EndProject
EndProject
Global
	GlobalSection(SolutionConfigurationPlatforms) = preSolution
		Debug|Any CPU = Debug|Any CPU
		Release|Any CPU = Release|Any CPU
	EndGlobalSection
	GlobalSection(ProjectConfigurationPlatforms) = postSolution

		{C86184B5-A11E-460B-9BEE-7D6C38142BDF}.Debug|Any CPU.ActiveCfg = Debug|Any CPU
		{C86184B5-A11E-460B-9BEE-7D6C38142BDF}.Debug|Any CPU.Build.0 = Debug|Any CPU
		{C86184B5-A11E-460B-9BEE-7D6C38142BDF}.Release|Any CPU.ActiveCfg = Release|Any CPU
		{C86184B5-A11E-460B-9BEE-7D6C38142BDF}.Release|Any CPU.Build.0 = Release|Any CPU
		{B10AC966-053F-4EE7-8D36-C9CE98B79626}.Debug|Any CPU.ActiveCfg = Debug|Any CPU
		{B10AC966-053F-4EE7-8D36-C9CE98B79626}.Debug|Any CPU.Build.0 = Debug|Any CPU
		{B10AC966-053F-4EE7-8D36-C9CE98B79626}.Release|Any CPU.ActiveCfg = Release|Any CPU
		{B10AC966-053F-4EE7-8D36-C9CE98B79626}.Release|Any CPU.Build.0 = Release|Any CPU
	EndGlobalSection
	GlobalSection(SolutionProperties) = preSolution
		HideSolutionNode = FALSE
	EndGlobalSection
	GlobalSection(ExtensibilityGlobals) = postSolution
		SolutionGuid = {768EF868-F8A3-40AC-9E48-AAC09E25C068}
	EndGlobalSection
EndGlobal